
Microsoft Visual Studio Solution File, Format Version 12.00
# Visual Studio Version 17
VisualStudioVersion = 17.9.34728.123
MinimumVisualStudioVersion = 10.0.40219.1
Project("{FAE04EC0-301F-11D3-BF4B-00C04F79EFBC}") = "messageApp-backend", "messageApp-backend\messageApp-backend.csproj", "{CFB2BBE9-2AD2-486A-A758-6E7602DED9F9}"
EndProject
Global
	GlobalSection(SolutionConfigurationPlatforms) = preSolution
		Debug|Any CPU = Debug|Any CPU
		Release|Any CPU = Release|Any CPU
	EndGlobalSection
	GlobalSection(ProjectConfigurationPlatforms) = postSolution
		{CFB2BBE9-2AD2-486A-A758-6E7602DED9F9}.Debug|Any CPU.ActiveCfg = Debug|Any CPU
		{CFB2BBE9-2AD2-486A-A758-6E7602DED9F9}.Debug|Any CPU.Build.0 = Debug|Any CPU
		{CFB2BBE9-2AD2-486A-A758-6E7602DED9F9}.Release|Any CPU.ActiveCfg = Release|Any CPU
		{CFB2BBE9-2AD2-486A-A758-6E7602DED9F9}.Release|Any CPU.Build.0 = Release|Any CPU
	EndGlobalSection
	GlobalSection(SolutionProperties) = preSolution
		HideSolutionNode = FALSE
	EndGlobalSection
	GlobalSection(ExtensibilityGlobals) = postSolution
		SolutionGuid = {19FD9BD2-7ACD-4AA6-B1AC-3F097607DCF7}
	EndGlobalSection
EndGlobal
